
Microsoft Visual Studio Solution File, Format Version 12.00
# Visual Studio Version 17
VisualStudioVersion = 17.13.35825.156 d17.13
MinimumVisualStudioVersion = 10.0.40219.1
Project("{FAE04EC0-301F-11D3-BF4B-00C04F79EFBC}") = "cpsy200", "cpsy200\cpsy200.csproj", "{3344A6EE-574F-4A8B-9819-862765367BEB}"
EndProject
Global
	GlobalSection(SolutionConfigurationPlatforms) = preSolution
		Debug|Any CPU = Debug|Any CPU
		Release|Any CPU = Release|Any CPU
	EndGlobalSection
	GlobalSection(ProjectConfigurationPlatforms) = postSolution
		{3344A6EE-574F-4A8B-9819-862765367BEB}.Debug|Any CPU.ActiveCfg = Debug|Any CPU
		{3344A6EE-574F-4A8B-9819-862765367BEB}.Debug|Any CPU.Build.0 = Debug|Any CPU
		{3344A6EE-574F-4A8B-9819-862765367BEB}.Release|Any CPU.ActiveCfg = Release|Any CPU
		{3344A6EE-574F-4A8B-9819-862765367BEB}.Release|Any CPU.Build.0 = Release|Any CPU
	EndGlobalSection
	GlobalSection(SolutionProperties) = preSolution
		HideSolutionNode = FALSE
	EndGlobalSection
	GlobalSection(ExtensibilityGlobals) = postSolution
		SolutionGuid = {BB3CB1F4-2080-4E6E-AE9B-E98139A1C8B1}
	EndGlobalSection
EndGlobal
